# THIS IS AN AUTOGENERATED FILE. DO NOT EDIT THIS FILE DIRECTLY.
# yarn lockfile v1


"@bower_components/FitText.js@davatron5000/FitText.js#~1.2.0":
  version "0.0.0"
  resolved "https://codeload.github.com/davatron5000/FitText.js/tar.gz/9359d0efe073929192f034b24df81a6539048abd"

"@bower_components/headroom.js@unkn0wn-kgb/headroom.js#~0.7.0":
  version "0.7.0"
  resolved "https://codeload.github.com/unkn0wn-kgb/headroom.js/tar.gz/3f9cda575a62d4e3c4693138b5a90526f58257a9"

"@bower_components/inviewport@henkbulder/inViewPort#26b578fa047cdf1d7369a6617281cb321018600d":
  version "0.0.0"
  resolved "https://codeload.github.com/henkbulder/inViewPort/tar.gz/26b578fa047cdf1d7369a6617281cb321018600d"

"@bower_components/jquery@jquery/jquery-dist#~2.1.4":
  version "2.1.4"
  resolved "https://codeload.github.com/jquery/jquery-dist/tar.gz/7751e69b615c6eca6f783a81e292a55725af6b85"

"@bower_components/normalize-css@necolas/normalize.css#~3.0.3":
  version "3.0.3"
  resolved "https://codeload.github.com/necolas/normalize.css/tar.gz/2bdda84272650aedfb45d8abe11a6d177933a803"

"@bower_components/pygments-css@richleland/pygments-css#146708f9003299106baf05987abf393eae4424fc":
  version "1.0.0"
  resolved "https://codeload.github.com/richleland/pygments-css/tar.gz/146708f9003299106baf05987abf393eae4424fc"

"@bower_components/remodal@VodkaBears/Remodal#~1.0.6":
  version "1.0.7"
  resolved "https://codeload.github.com/VodkaBears/Remodal/tar.gz/9dd9ec82ddda5441a733b1be53f11ed58a9de1d7"
  dependencies:
    jquery "*"

"@bower_components/vivus@maxwellito/vivus#~0.2.3":
  version "0.2.3"
  resolved "https://codeload.github.com/maxwellito/vivus/tar.gz/56a39b44ddfea3f97044d3ca0c06787430796c01"

jquery@*:
  version "3.3.1"
  resolved "https://registry.yarnpkg.com/jquery/-/jquery-3.3.1.tgz#958ce29e81c9790f31be7792df5d4d95fc57fbca"

slick-carousel@^1.8.1:
  version "1.8.1"
  resolved "https://registry.yarnpkg.com/slick-carousel/-/slick-carousel-1.8.1.tgz#a4bfb29014887bb66ce528b90bd0cda262cc8f8d"
