# THIS IS AN AUTOGENERATED FILE. DO NOT EDIT THIS FILE DIRECTLY.
# yarn lockfile v1


"@spectrum-css/slider@^2.1.0":
  version "2.1.0"
  resolved "https://registry.yarnpkg.com/@spectrum-css/slider/-/slider-2.1.0.tgz#2bc83c522b07c5ce5b57ba267021fb24984d2a0b"
  integrity sha512-oROCNx6HMY5nPPXBmH515dDpE/45hssaUleIC/HtgdOdwHiNdbGVFV3IK5xpPgYPCAzNlrB9BRsL8DSz2nDUQw==

"@spectrum-web-components/shared@^0.4.6":
  version "0.4.6"
  resolved "https://registry.yarnpkg.com/@spectrum-web-components/shared/-/shared-0.4.6.tgz#34a31ac8cbdf573900edb444d8a9106bf32e645a"
  integrity sha512-SqWeupdyTwjeP5AZln4zlY+cq+nsUMjAp6U7JSMn/iSyAzozZXICd0BQ1DT+PwXm47ohA8HqKjTIvjLV55wPGg==
  dependencies:
    focus-visible "^5.0.2"
    tslib "^1.10.0"

focus-visible@^5.0.2:
  version "5.1.0"
  resolved "https://registry.yarnpkg.com/focus-visible/-/focus-visible-5.1.0.tgz#4b9d40143b865f53eafbd93ca66672b3bf9e7b6a"
  integrity sha512-nPer0rjtzdZ7csVIu233P2cUm/ks/4aVSI+5KUkYrYpgA7ujgC3p6J7FtFU+AIMWwnwYQOB/yeiOITxFeYIXiw==

lit-element@^2.3.1:
  version "2.3.1"
  resolved "https://registry.yarnpkg.com/lit-element/-/lit-element-2.3.1.tgz#73343b978fa1e73d60526c6bb6ad60f53a16c343"
  integrity sha512-tOcUAmeO3BzwiQ7FGWdsshNvC0HVHcTFYw/TLIImmKwXYoV0E7zCBASa8IJ7DiP4cen/Yoj454gS0qqTnIGsFA==
  dependencies:
    lit-html "^1.1.1"

lit-html@^1.1.1:
  version "1.2.1"
  resolved "https://registry.yarnpkg.com/lit-html/-/lit-html-1.2.1.tgz#1fb933dc1e2ddc095f60b8086277d4fcd9d62cc8"
  integrity sha512-GSJHHXMGLZDzTRq59IUfL9FCdAlGfqNp/dEa7k7aBaaWD+JKaCjsAk9KYm2V12ItonVaYx2dprN66Zdm1AuBTQ==

tslib@^1.10.0:
  version "1.13.0"
  resolved "https://registry.yarnpkg.com/tslib/-/tslib-1.13.0.tgz#c881e13cc7015894ed914862d276436fa9a47043"
  integrity sha512-i/6DQjL8Xf3be4K/E6Wgpekn5Qasl1usyw++dAA35Ue5orEn65VIxOA+YvNNl9HV3qv70T7CNwjODHZrLwvd1Q==

tslib@^2.0.0:
  version "2.0.0"
  resolved "https://registry.yarnpkg.com/tslib/-/tslib-2.0.0.tgz#18d13fc2dce04051e20f074cc8387fd8089ce4f3"
  integrity sha512-lTqkx847PI7xEDYJntxZH89L2/aXInsyF2luSafe/+0fHOMjlBNXdH6th7f70qxLDhul7KZK0zC8V5ZIyHl0/g==
